
Microsoft Visual Studio Solution File, Format Version 12.00
# Visual Studio Version 17
VisualStudioVersion = 17.5.33414.496
MinimumVisualStudioVersion = 10.0.40219.1
Project("{FAE04EC0-301F-11D3-BF4B-00C04F79EFBC}") = "OOPS", "OOPS\OOPS.csproj", "{9DB0FA2D-6B5F-4427-9493-663D4E0E8156}"
EndProject
Project("{FAE04EC0-301F-11D3-BF4B-00C04F79EFBC}") = "ex1", "ex1\ex1.csproj", "{62AC024C-1A06-4085-9D48-24EAB52A14F3}"
EndProject
Project("{FAE04EC0-301F-11D3-BF4B-00C04F79EFBC}") = "ex2", "ex2\ex2.csproj", "{0B0BB90C-F6C0-4BA5-B4EE-705F6A0EC09F}"
EndProject
Project("{FAE04EC0-301F-11D3-BF4B-00C04F79EFBC}") = "ex3", "ex3\ex3.csproj", "{D144E6BE-15C8-4765-9733-8BFD2E2855E2}"
EndProject
Project("{FAE04EC0-301F-11D3-BF4B-00C04F79EFBC}") = "ex4", "ex4\ex4.csproj", "{FC93862E-D08A-413E-ABEB-22D3DCE264ED}"
EndProject
Global
	GlobalSection(SolutionConfigurationPlatforms) = preSolution
		Debug|Any CPU = Debug|Any CPU
		Release|Any CPU = Release|Any CPU
	EndGlobalSection
	GlobalSection(ProjectConfigurationPlatforms) = postSolution
		{9DB0FA2D-6B5F-4427-9493-663D4E0E8156}.Debug|Any CPU.ActiveCfg = Debug|Any CPU
		{9DB0FA2D-6B5F-4427-9493-663D4E0E8156}.Debug|Any CPU.Build.0 = Debug|Any CPU
		{9DB0FA2D-6B5F-4427-9493-663D4E0E8156}.Release|Any CPU.ActiveCfg = Release|Any CPU
		{9DB0FA2D-6B5F-4427-9493-663D4E0E8156}.Release|Any CPU.Build.0 = Release|Any CPU
		{62AC024C-1A06-4085-9D48-24EAB52A14F3}.Debug|Any CPU.ActiveCfg = Debug|Any CPU
		{62AC024C-1A06-4085-9D48-24EAB52A14F3}.Debug|Any CPU.Build.0 = Debug|Any CPU
		{62AC024C-1A06-4085-9D48-24EAB52A14F3}.Release|Any CPU.ActiveCfg = Release|Any CPU
		{62AC024C-1A06-4085-9D48-24EAB52A14F3}.Release|Any CPU.Build.0 = Release|Any CPU
		{0B0BB90C-F6C0-4BA5-B4EE-705F6A0EC09F}.Debug|Any CPU.ActiveCfg = Debug|Any CPU
		{0B0BB90C-F6C0-4BA5-B4EE-705F6A0EC09F}.Debug|Any CPU.Build.0 = Debug|Any CPU
		{0B0BB90C-F6C0-4BA5-B4EE-705F6A0EC09F}.Release|Any CPU.ActiveCfg = Release|Any CPU
		{0B0BB90C-F6C0-4BA5-B4EE-705F6A0EC09F}.Release|Any CPU.Build.0 = Release|Any CPU
		{D144E6BE-15C8-4765-9733-8BFD2E2855E2}.Debug|Any CPU.ActiveCfg = Debug|Any CPU
		{D144E6BE-15C8-4765-9733-8BFD2E2855E2}.Debug|Any CPU.Build.0 = Debug|Any CPU
		{D144E6BE-15C8-4765-9733-8BFD2E2855E2}.Release|Any CPU.ActiveCfg = Release|Any CPU
		{D144E6BE-15C8-4765-9733-8BFD2E2855E2}.Release|Any CPU.Build.0 = Release|Any CPU
		{FC93862E-D08A-413E-ABEB-22D3DCE264ED}.Debug|Any CPU.ActiveCfg = Debug|Any CPU
		{FC93862E-D08A-413E-ABEB-22D3DCE264ED}.Debug|Any CPU.Build.0 = Debug|Any CPU
		{FC93862E-D08A-413E-ABEB-22D3DCE264ED}.Release|Any CPU.ActiveCfg = Release|Any CPU
		{FC93862E-D08A-413E-ABEB-22D3DCE264ED}.Release|Any CPU.Build.0 = Release|Any CPU
	EndGlobalSection
	GlobalSection(SolutionProperties) = preSolution
		HideSolutionNode = FALSE
	EndGlobalSection
	GlobalSection(ExtensibilityGlobals) = postSolution
		SolutionGuid = {0651C511-49DA-40AC-8375-0B61B144CB0A}
	EndGlobalSection
EndGlobal
