
Microsoft Visual Studio Solution File, Format Version 12.00
# Visual Studio Version 17
VisualStudioVersion = 17.5.33414.496
MinimumVisualStudioVersion = 10.0.40219.1
Project("{FAE04EC0-301F-11D3-BF4B-00C04F79EFBC}") = "OOPS", "OOPS\OOPS.csproj", "{9DB0FA2D-6B5F-4427-9493-663D4E0E8156}"
EndProject
Project("{FAE04EC0-301F-11D3-BF4B-00C04F79EFBC}") = "ex1", "ex1\ex1.csproj", "{62AC024C-1A06-4085-9D48-24EAB52A14F3}"
EndProject
Project("{FAE04EC0-301F-11D3-BF4B-00C04F79EFBC}") = "ex2", "ex2\ex2.csproj", "{0B0BB90C-F6C0-4BA5-B4EE-705F6A0EC09F}"
EndProject
Project("{FAE04EC0-301F-11D3-BF4B-00C04F79EFBC}") = "ex3", "ex3\ex3.csproj", "{D144E6BE-15C8-4765-9733-8BFD2E2855E2}"
EndProject
Project("{FAE04EC0-301F-11D3-BF4B-00C04F79EFBC}") = "ex4", "ex4\ex4.csproj", "{FC93862E-D08A-413E-ABEB-22D3DCE264ED}"
EndProject
Project("{FAE04EC0-301F-11D3-BF4B-00C04F79EFBC}") = "Ex5", "Ex5\Ex5.csproj", "{F09FEE98-B781-48EE-AA28-4853CF1DA678}"
EndProject
Project("{FAE04EC0-301F-11D3-BF4B-00C04F79EFBC}") = "ex6", "ex6\ex6.csproj", "{F5731270-2FAC-436D-AE78-63C8EC815F32}"
EndProject
Project("{FAE04EC0-301F-11D3-BF4B-00C04F79EFBC}") = "ex7", "ex7\ex7.csproj", "{D73F09AF-8565-4915-8FDF-7359C010DB2B}"
EndProject
Project("{FAE04EC0-301F-11D3-BF4B-00C04F79EFBC}") = "ex8", "ex8\ex8.csproj", "{C04CA3D4-3884-4CE0-82F7-887BDEF6D869}"
EndProject
Project("{FAE04EC0-301F-11D3-BF4B-00C04F79EFBC}") = "ex9", "ex9\ex9.csproj", "{99343B76-D3C1-4D11-9693-448A0D446335}"
EndProject
Project("{FAE04EC0-301F-11D3-BF4B-00C04F79EFBC}") = "ex10", "ex10\ex10.csproj", "{224891E4-474A-4B11-B4E5-E6F90C63AFDB}"
EndProject
Project("{FAE04EC0-301F-11D3-BF4B-00C04F79EFBC}") = "ex11", "ex11\ex11.csproj", "{6D9F4B96-F2B6-4158-94C5-2B43E7A06564}"
EndProject
Project("{FAE04EC0-301F-11D3-BF4B-00C04F79EFBC}") = "ex12", "ex12\ex12.csproj", "{D0AA36E6-1876-4F98-92E8-15DEC8AAE1CE}"
EndProject
Project("{FAE04EC0-301F-11D3-BF4B-00C04F79EFBC}") = "ex13", "ex13\ex13.csproj", "{A7DC4B3B-6BC5-4556-AD9C-FE837545D05E}"
EndProject
Project("{FAE04EC0-301F-11D3-BF4B-00C04F79EFBC}") = "systemdefaultconstructor_ex14", "systemdefaultconstructor_ex14\systemdefaultconstructor_ex14.csproj", "{A75EB7A5-CF4B-4667-B46C-5F15D183EFC6}"
EndProject
Project("{FAE04EC0-301F-11D3-BF4B-00C04F79EFBC}") = "userdefineddefaultconstructor_ex15", "userdefineddefaultconstructor_ex15\userdefineddefaultconstructor_ex15.csproj", "{E38CF6DD-C60D-4A8C-9AE4-0BD479C62B5A}"
EndProject
Project("{FAE04EC0-301F-11D3-BF4B-00C04F79EFBC}") = "parameterizedconstructor_ex16", "parameterizedconstructor_ex16\parameterizedconstructor_ex16.csproj", "{3E7047A7-3D6D-4B6E-AF4A-4F9B53F10419}"
EndProject
Project("{FAE04EC0-301F-11D3-BF4B-00C04F79EFBC}") = "copyconstructor_ex17", "copyconstructor_ex17\copyconstructor_ex17.csproj", "{B2745BE2-A485-465A-B6C7-87D483FE4952}"
EndProject
Project("{FAE04EC0-301F-11D3-BF4B-00C04F79EFBC}") = "staticconstructor_ex18", "staticconstructor_ex18\staticconstructor_ex18.csproj", "{9F2265FF-6E66-4744-8D17-821634FF7CC4}"
EndProject
Global
	GlobalSection(SolutionConfigurationPlatforms) = preSolution
		Debug|Any CPU = Debug|Any CPU
		Release|Any CPU = Release|Any CPU
	EndGlobalSection
	GlobalSection(ProjectConfigurationPlatforms) = postSolution
		{9DB0FA2D-6B5F-4427-9493-663D4E0E8156}.Debug|Any CPU.ActiveCfg = Debug|Any CPU
		{9DB0FA2D-6B5F-4427-9493-663D4E0E8156}.Debug|Any CPU.Build.0 = Debug|Any CPU
		{9DB0FA2D-6B5F-4427-9493-663D4E0E8156}.Release|Any CPU.ActiveCfg = Release|Any CPU
		{9DB0FA2D-6B5F-4427-9493-663D4E0E8156}.Release|Any CPU.Build.0 = Release|Any CPU
		{62AC024C-1A06-4085-9D48-24EAB52A14F3}.Debug|Any CPU.ActiveCfg = Debug|Any CPU
		{62AC024C-1A06-4085-9D48-24EAB52A14F3}.Debug|Any CPU.Build.0 = Debug|Any CPU
		{62AC024C-1A06-4085-9D48-24EAB52A14F3}.Release|Any CPU.ActiveCfg = Release|Any CPU
		{62AC024C-1A06-4085-9D48-24EAB52A14F3}.Release|Any CPU.Build.0 = Release|Any CPU
		{0B0BB90C-F6C0-4BA5-B4EE-705F6A0EC09F}.Debug|Any CPU.ActiveCfg = Debug|Any CPU
		{0B0BB90C-F6C0-4BA5-B4EE-705F6A0EC09F}.Debug|Any CPU.Build.0 = Debug|Any CPU
		{0B0BB90C-F6C0-4BA5-B4EE-705F6A0EC09F}.Release|Any CPU.ActiveCfg = Release|Any CPU
		{0B0BB90C-F6C0-4BA5-B4EE-705F6A0EC09F}.Release|Any CPU.Build.0 = Release|Any CPU
		{D144E6BE-15C8-4765-9733-8BFD2E2855E2}.Debug|Any CPU.ActiveCfg = Debug|Any CPU
		{D144E6BE-15C8-4765-9733-8BFD2E2855E2}.Debug|Any CPU.Build.0 = Debug|Any CPU
		{D144E6BE-15C8-4765-9733-8BFD2E2855E2}.Release|Any CPU.ActiveCfg = Release|Any CPU
		{D144E6BE-15C8-4765-9733-8BFD2E2855E2}.Release|Any CPU.Build.0 = Release|Any CPU
		{FC93862E-D08A-413E-ABEB-22D3DCE264ED}.Debug|Any CPU.ActiveCfg = Debug|Any CPU
		{FC93862E-D08A-413E-ABEB-22D3DCE264ED}.Debug|Any CPU.Build.0 = Debug|Any CPU
		{FC93862E-D08A-413E-ABEB-22D3DCE264ED}.Release|Any CPU.ActiveCfg = Release|Any CPU
		{FC93862E-D08A-413E-ABEB-22D3DCE264ED}.Release|Any CPU.Build.0 = Release|Any CPU
		{F09FEE98-B781-48EE-AA28-4853CF1DA678}.Debug|Any CPU.ActiveCfg = Debug|Any CPU
		{F09FEE98-B781-48EE-AA28-4853CF1DA678}.Debug|Any CPU.Build.0 = Debug|Any CPU
		{F09FEE98-B781-48EE-AA28-4853CF1DA678}.Release|Any CPU.ActiveCfg = Release|Any CPU
		{F09FEE98-B781-48EE-AA28-4853CF1DA678}.Release|Any CPU.Build.0 = Release|Any CPU
		{F5731270-2FAC-436D-AE78-63C8EC815F32}.Debug|Any CPU.ActiveCfg = Debug|Any CPU
		{F5731270-2FAC-436D-AE78-63C8EC815F32}.Debug|Any CPU.Build.0 = Debug|Any CPU
		{F5731270-2FAC-436D-AE78-63C8EC815F32}.Release|Any CPU.ActiveCfg = Release|Any CPU
		{F5731270-2FAC-436D-AE78-63C8EC815F32}.Release|Any CPU.Build.0 = Release|Any CPU
		{D73F09AF-8565-4915-8FDF-7359C010DB2B}.Debug|Any CPU.ActiveCfg = Debug|Any CPU
		{D73F09AF-8565-4915-8FDF-7359C010DB2B}.Debug|Any CPU.Build.0 = Debug|Any CPU
		{D73F09AF-8565-4915-8FDF-7359C010DB2B}.Release|Any CPU.ActiveCfg = Release|Any CPU
		{D73F09AF-8565-4915-8FDF-7359C010DB2B}.Release|Any CPU.Build.0 = Release|Any CPU
		{C04CA3D4-3884-4CE0-82F7-887BDEF6D869}.Debug|Any CPU.ActiveCfg = Debug|Any CPU
		{C04CA3D4-3884-4CE0-82F7-887BDEF6D869}.Debug|Any CPU.Build.0 = Debug|Any CPU
		{C04CA3D4-3884-4CE0-82F7-887BDEF6D869}.Release|Any CPU.ActiveCfg = Release|Any CPU
		{C04CA3D4-3884-4CE0-82F7-887BDEF6D869}.Release|Any CPU.Build.0 = Release|Any CPU
		{99343B76-D3C1-4D11-9693-448A0D446335}.Debug|Any CPU.ActiveCfg = Debug|Any CPU
		{99343B76-D3C1-4D11-9693-448A0D446335}.Debug|Any CPU.Build.0 = Debug|Any CPU
		{99343B76-D3C1-4D11-9693-448A0D446335}.Release|Any CPU.ActiveCfg = Release|Any CPU
		{99343B76-D3C1-4D11-9693-448A0D446335}.Release|Any CPU.Build.0 = Release|Any CPU
		{224891E4-474A-4B11-B4E5-E6F90C63AFDB}.Debug|Any CPU.ActiveCfg = Debug|Any CPU
		{224891E4-474A-4B11-B4E5-E6F90C63AFDB}.Debug|Any CPU.Build.0 = Debug|Any CPU
		{224891E4-474A-4B11-B4E5-E6F90C63AFDB}.Release|Any CPU.ActiveCfg = Release|Any CPU
		{224891E4-474A-4B11-B4E5-E6F90C63AFDB}.Release|Any CPU.Build.0 = Release|Any CPU
		{6D9F4B96-F2B6-4158-94C5-2B43E7A06564}.Debug|Any CPU.ActiveCfg = Debug|Any CPU
		{6D9F4B96-F2B6-4158-94C5-2B43E7A06564}.Debug|Any CPU.Build.0 = Debug|Any CPU
		{6D9F4B96-F2B6-4158-94C5-2B43E7A06564}.Release|Any CPU.ActiveCfg = Release|Any CPU
		{6D9F4B96-F2B6-4158-94C5-2B43E7A06564}.Release|Any CPU.Build.0 = Release|Any CPU
		{D0AA36E6-1876-4F98-92E8-15DEC8AAE1CE}.Debug|Any CPU.ActiveCfg = Debug|Any CPU
		{D0AA36E6-1876-4F98-92E8-15DEC8AAE1CE}.Debug|Any CPU.Build.0 = Debug|Any CPU
		{D0AA36E6-1876-4F98-92E8-15DEC8AAE1CE}.Release|Any CPU.ActiveCfg = Release|Any CPU
		{D0AA36E6-1876-4F98-92E8-15DEC8AAE1CE}.Release|Any CPU.Build.0 = Release|Any CPU
		{A7DC4B3B-6BC5-4556-AD9C-FE837545D05E}.Debug|Any CPU.ActiveCfg = Debug|Any CPU
		{A7DC4B3B-6BC5-4556-AD9C-FE837545D05E}.Debug|Any CPU.Build.0 = Debug|Any CPU
		{A7DC4B3B-6BC5-4556-AD9C-FE837545D05E}.Release|Any CPU.ActiveCfg = Release|Any CPU
		{A7DC4B3B-6BC5-4556-AD9C-FE837545D05E}.Release|Any CPU.Build.0 = Release|Any CPU
		{A75EB7A5-CF4B-4667-B46C-5F15D183EFC6}.Debug|Any CPU.ActiveCfg = Debug|Any CPU
		{A75EB7A5-CF4B-4667-B46C-5F15D183EFC6}.Debug|Any CPU.Build.0 = Debug|Any CPU
		{A75EB7A5-CF4B-4667-B46C-5F15D183EFC6}.Release|Any CPU.ActiveCfg = Release|Any CPU
		{A75EB7A5-CF4B-4667-B46C-5F15D183EFC6}.Release|Any CPU.Build.0 = Release|Any CPU
		{E38CF6DD-C60D-4A8C-9AE4-0BD479C62B5A}.Debug|Any CPU.ActiveCfg = Debug|Any CPU
		{E38CF6DD-C60D-4A8C-9AE4-0BD479C62B5A}.Debug|Any CPU.Build.0 = Debug|Any CPU
		{E38CF6DD-C60D-4A8C-9AE4-0BD479C62B5A}.Release|Any CPU.ActiveCfg = Release|Any CPU
		{E38CF6DD-C60D-4A8C-9AE4-0BD479C62B5A}.Release|Any CPU.Build.0 = Release|Any CPU
		{3E7047A7-3D6D-4B6E-AF4A-4F9B53F10419}.Debug|Any CPU.ActiveCfg = Debug|Any CPU
		{3E7047A7-3D6D-4B6E-AF4A-4F9B53F10419}.Debug|Any CPU.Build.0 = Debug|Any CPU
		{3E7047A7-3D6D-4B6E-AF4A-4F9B53F10419}.Release|Any CPU.ActiveCfg = Release|Any CPU
		{3E7047A7-3D6D-4B6E-AF4A-4F9B53F10419}.Release|Any CPU.Build.0 = Release|Any CPU
		{B2745BE2-A485-465A-B6C7-87D483FE4952}.Debug|Any CPU.ActiveCfg = Debug|Any CPU
		{B2745BE2-A485-465A-B6C7-87D483FE4952}.Debug|Any CPU.Build.0 = Debug|Any CPU
		{B2745BE2-A485-465A-B6C7-87D483FE4952}.Release|Any CPU.ActiveCfg = Release|Any CPU
		{B2745BE2-A485-465A-B6C7-87D483FE4952}.Release|Any CPU.Build.0 = Release|Any CPU
		{9F2265FF-6E66-4744-8D17-821634FF7CC4}.Debug|Any CPU.ActiveCfg = Debug|Any CPU
		{9F2265FF-6E66-4744-8D17-821634FF7CC4}.Debug|Any CPU.Build.0 = Debug|Any CPU
		{9F2265FF-6E66-4744-8D17-821634FF7CC4}.Release|Any CPU.ActiveCfg = Release|Any CPU
		{9F2265FF-6E66-4744-8D17-821634FF7CC4}.Release|Any CPU.Build.0 = Release|Any CPU
	EndGlobalSection
	GlobalSection(SolutionProperties) = preSolution
		HideSolutionNode = FALSE
	EndGlobalSection
	GlobalSection(ExtensibilityGlobals) = postSolution
		SolutionGuid = {0651C511-49DA-40AC-8375-0B61B144CB0A}
	EndGlobalSection
EndGlobal
